
Microsoft Visual Studio Solution File, Format Version 12.00
# Visual Studio 15
Project("{FAE04EC0-301F-11D3-BF4B-00C04F79EFBC}") = "Assembly-CSharp", "Assembly-CSharp.csproj", "{CD68C9D1-9345-BF3F-59D0-7267D462FEDC}"
EndProject
Project("{FAE04EC0-301F-11D3-BF4B-00C04F79EFBC}") = "Assembly-CSharp-Editor", "Assembly-CSharp-Editor.csproj", "{CAE7B834-1DCD-3B5A-7B7F-CC546BB2184D}"
EndProject
Global
	GlobalSection(SolutionConfigurationPlatforms) = preSolution
		Debug|Any CPU = Debug|Any CPU
		Release|Any CPU = Release|Any CPU
	EndGlobalSection
	GlobalSection(ProjectConfigurationPlatforms) = postSolution
		{CD68C9D1-9345-BF3F-59D0-7267D462FEDC}.Debug|Any CPU.ActiveCfg = Debug|Any CPU
		{CD68C9D1-9345-BF3F-59D0-7267D462FEDC}.Debug|Any CPU.Build.0 = Debug|Any CPU
		{CD68C9D1-9345-BF3F-59D0-7267D462FEDC}.Release|Any CPU.ActiveCfg = Release|Any CPU
		{CD68C9D1-9345-BF3F-59D0-7267D462FEDC}.Release|Any CPU.Build.0 = Release|Any CPU
		{CAE7B834-1DCD-3B5A-7B7F-CC546BB2184D}.Debug|Any CPU.ActiveCfg = Debug|Any CPU
		{CAE7B834-1DCD-3B5A-7B7F-CC546BB2184D}.Debug|Any CPU.Build.0 = Debug|Any CPU
		{CAE7B834-1DCD-3B5A-7B7F-CC546BB2184D}.Release|Any CPU.ActiveCfg = Release|Any CPU
		{CAE7B834-1DCD-3B5A-7B7F-CC546BB2184D}.Release|Any CPU.Build.0 = Release|Any CPU
	EndGlobalSection
	GlobalSection(SolutionProperties) = preSolution
		HideSolutionNode = FALSE
	EndGlobalSection
EndGlobal
